
Microsoft Visual Studio Solution File, Format Version 12.00
# Visual Studio Version 17
VisualStudioVersion = 17.8.34004.107
MinimumVisualStudioVersion = 10.0.40219.1
Project("{9A19103F-16F7-4668-BE54-9A1E7A4F7556}") = "BackUpMe", "BackUpMe\BackUpMe.csproj", "{0A1DE4AA-DC42-4963-AC37-3ED7C592E8AE}"
EndProject
Project("{2150E333-8FDC-42A3-9474-1A3956D46DE8}") = "Solution Items", "Solution Items", "{2CAAF416-DE56-499D-A1D8-C49FEB142A35}"
	ProjectSection(SolutionItems) = preProject
		.editorconfig = .editorconfig
	EndProjectSection
EndProject
Global
	GlobalSection(SolutionConfigurationPlatforms) = preSolution
		Debug|Any CPU = Debug|Any CPU
		Release|Any CPU = Release|Any CPU
	EndGlobalSection
	GlobalSection(ProjectConfigurationPlatforms) = postSolution
		{0A1DE4AA-DC42-4963-AC37-3ED7C592E8AE}.Debug|Any CPU.ActiveCfg = Debug|Any CPU
		{0A1DE4AA-DC42-4963-AC37-3ED7C592E8AE}.Debug|Any CPU.Build.0 = Debug|Any CPU
		{0A1DE4AA-DC42-4963-AC37-3ED7C592E8AE}.Release|Any CPU.ActiveCfg = Release|Any CPU
		{0A1DE4AA-DC42-4963-AC37-3ED7C592E8AE}.Release|Any CPU.Build.0 = Release|Any CPU
	EndGlobalSection
	GlobalSection(SolutionProperties) = preSolution
		HideSolutionNode = FALSE
	EndGlobalSection
	GlobalSection(ExtensibilityGlobals) = postSolution
		SolutionGuid = {6F6D37A1-3806-44AE-81FF-7D0C35E26494}
	EndGlobalSection
EndGlobal
